
Microsoft Visual Studio Solution File, Format Version 12.00
# Visual Studio Version 17
VisualStudioVersion = 17.7.34031.279
MinimumVisualStudioVersion = 10.0.40219.1
Project("{FAE04EC0-301F-11D3-BF4B-00C04F79EFBC}") = "Asynchronous_Programming", "Asynchronous_Programming\Asynchronous_Programming.csproj", "{67D1110D-9AD3-404A-859D-6F6A213AC2B8}"
EndProject
Global
	GlobalSection(SolutionConfigurationPlatforms) = preSolution
		Debug|Any CPU = Debug|Any CPU
		Release|Any CPU = Release|Any CPU
	EndGlobalSection
	GlobalSection(ProjectConfigurationPlatforms) = postSolution
		{67D1110D-9AD3-404A-859D-6F6A213AC2B8}.Debug|Any CPU.ActiveCfg = Debug|Any CPU
		{67D1110D-9AD3-404A-859D-6F6A213AC2B8}.Debug|Any CPU.Build.0 = Debug|Any CPU
		{67D1110D-9AD3-404A-859D-6F6A213AC2B8}.Release|Any CPU.ActiveCfg = Release|Any CPU
		{67D1110D-9AD3-404A-859D-6F6A213AC2B8}.Release|Any CPU.Build.0 = Release|Any CPU
	EndGlobalSection
	GlobalSection(SolutionProperties) = preSolution
		HideSolutionNode = FALSE
	EndGlobalSection
	GlobalSection(ExtensibilityGlobals) = postSolution
		SolutionGuid = {F9500D75-F19C-428A-87DD-1D2DB01FBBC6}
	EndGlobalSection
EndGlobal
